{
  "requires": true,
  "lockfileVersion": 1,
  "dependencies": {
    "sweetalert2": {
      "version": "10.14.0",
      "resolved": "https://registry.npmjs.org/sweetalert2/-/sweetalert2-10.14.0.tgz",
      "integrity": "sha512-EBUh4k9qyRRsttm9X9j7WUhLExetvTJpcbp1VTMJCpuI2UwHLesXMIw9M+UeuqBywv0UjNMR5PKH7Qnv65m8rw=="
    }
  }
}
